
Microsoft Visual Studio Solution File, Format Version 12.00
# Visual Studio 14
VisualStudioVersion = 14.0.25420.1
MinimumVisualStudioVersion = 10.0.40219.1
Project("{FAE04EC0-301F-11D3-BF4B-00C04F79EFBC}") = "GXSoftwareUK.UsingHelper.Console", "GXSoftwareUK.UsingHelper.Console\GXSoftwareUK.UsingHelper.Console.csproj", "{167C2FE8-B7DB-4A37-863A-0C031437FFC6}"
EndProject
Project("{FAE04EC0-301F-11D3-BF4B-00C04F79EFBC}") = "GXSoftwareUK.GxUsingHelper", "GXSoftwareUK.GxUsingHelper\GXSoftwareUK.GxUsingHelper.csproj", "{F32A4213-6EEB-4A23-869F-0083346BC1C8}"
EndProject
Project("{FAE04EC0-301F-11D3-BF4B-00C04F79EFBC}") = "GXSoftware.GXUsingHelper.Tests", "GXSoftware.GXUsingHelper.Tests\GXSoftware.GXUsingHelper.Tests.csproj", "{F4AFC55F-F04A-4FB2-B3F3-7F5311B5EB6C}"
EndProject
Global
	GlobalSection(SolutionConfigurationPlatforms) = preSolution
		Debug|Any CPU = Debug|Any CPU
		Release|Any CPU = Release|Any CPU
	EndGlobalSection
	GlobalSection(ProjectConfigurationPlatforms) = postSolution
		{167C2FE8-B7DB-4A37-863A-0C031437FFC6}.Debug|Any CPU.ActiveCfg = Debug|Any CPU
		{167C2FE8-B7DB-4A37-863A-0C031437FFC6}.Debug|Any CPU.Build.0 = Debug|Any CPU
		{167C2FE8-B7DB-4A37-863A-0C031437FFC6}.Release|Any CPU.ActiveCfg = Release|Any CPU
		{167C2FE8-B7DB-4A37-863A-0C031437FFC6}.Release|Any CPU.Build.0 = Release|Any CPU
		{F32A4213-6EEB-4A23-869F-0083346BC1C8}.Debug|Any CPU.ActiveCfg = Debug|Any CPU
		{F32A4213-6EEB-4A23-869F-0083346BC1C8}.Debug|Any CPU.Build.0 = Debug|Any CPU
		{F32A4213-6EEB-4A23-869F-0083346BC1C8}.Release|Any CPU.ActiveCfg = Release|Any CPU
		{F32A4213-6EEB-4A23-869F-0083346BC1C8}.Release|Any CPU.Build.0 = Release|Any CPU
		{F4AFC55F-F04A-4FB2-B3F3-7F5311B5EB6C}.Debug|Any CPU.ActiveCfg = Debug|Any CPU
		{F4AFC55F-F04A-4FB2-B3F3-7F5311B5EB6C}.Debug|Any CPU.Build.0 = Debug|Any CPU
		{F4AFC55F-F04A-4FB2-B3F3-7F5311B5EB6C}.Release|Any CPU.ActiveCfg = Release|Any CPU
		{F4AFC55F-F04A-4FB2-B3F3-7F5311B5EB6C}.Release|Any CPU.Build.0 = Release|Any CPU
	EndGlobalSection
	GlobalSection(SolutionProperties) = preSolution
		HideSolutionNode = FALSE
	EndGlobalSection
EndGlobal
